// !$*UTF8*$!
{
	archiveVersion = 1;
	classes = {
	};
	objectVersion = 56;
	objects = {

/* Begin PBXBuildFile section */
		39058F4529AF816100F3D840 /* AppDelegate.swift in Sources */ = {isa = PBXBuildFile; fileRef = 39058F4429AF816100F3D840 /* AppDelegate.swift */; };
		39058F4729AF816100F3D840 /* SceneDelegate.swift in Sources */ = {isa = PBXBuildFile; fileRef = 39058F4629AF816100F3D840 /* SceneDelegate.swift */; };
		39058F4929AF816100F3D840 /* ViewController.swift in Sources */ = {isa = PBXBuildFile; fileRef = 39058F4829AF816100F3D840 /* ViewController.swift */; };
		39058F4C29AF816100F3D840 /* Main.storyboard in Resources */ = {isa = PBXBuildFile; fileRef = 39058F4A29AF816100F3D840 /* Main.storyboard */; };
		39058F4E29AF816100F3D840 /* Assets.xcassets in Resources */ = {isa = PBXBuildFile; fileRef = 39058F4D29AF816100F3D840 /* Assets.xcassets */; };
		39058F5129AF816100F3D840 /* LaunchScreen.storyboard in Resources */ = {isa = PBXBuildFile; fileRef = 39058F4F29AF816100F3D840 /* LaunchScreen.storyboard */; };
		391487B129BB45030069C6B5 /* CoinAsset.swift in Sources */ = {isa = PBXBuildFile; fileRef = 391487B029BB45030069C6B5 /* CoinAsset.swift */; };
		391487B729BB45F50069C6B5 /* CoinHistoryRecord.swift in Sources */ = {isa = PBXBuildFile; fileRef = 391487B629BB45F50069C6B5 /* CoinHistoryRecord.swift */; };
		391487BA29BB47A60069C6B5 /* Stonks.xcdatamodeld in Sources */ = {isa = PBXBuildFile; fileRef = 391487B829BB47A60069C6B5 /* Stonks.xcdatamodeld */; };
		391487BF29BB4AA90069C6B5 /* ContentView.swift in Sources */ = {isa = PBXBuildFile; fileRef = 391487BE29BB4AA90069C6B5 /* ContentView.swift */; };
		391487C129BB4AD80069C6B5 /* StonksApp.swift in Sources */ = {isa = PBXBuildFile; fileRef = 391487C029BB4AD80069C6B5 /* StonksApp.swift */; };
/* End PBXBuildFile section */

/* Begin PBXFileReference section */
		39058F4129AF816100F3D840 /* Tracker.app */ = {isa = PBXFileReference; explicitFileType = wrapper.application; includeInIndex = 0; path = Tracker.app; sourceTree = BUILT_PRODUCTS_DIR; };
		39058F4429AF816100F3D840 /* AppDelegate.swift */ = {isa = PBXFileReference; lastKnownFileType = sourcecode.swift; path = AppDelegate.swift; sourceTree = "<group>"; };
		39058F4629AF816100F3D840 /* SceneDelegate.swift */ = {isa = PBXFileReference; lastKnownFileType = sourcecode.swift; path = SceneDelegate.swift; sourceTree = "<group>"; };
		39058F4829AF816100F3D840 /* ViewController.swift */ = {isa = PBXFileReference; lastKnownFileType = sourcecode.swift; path = ViewController.swift; sourceTree = "<group>"; };
		39058F4B29AF816100F3D840 /* Base */ = {isa = PBXFileReference; lastKnownFileType = file.storyboard; name = Base; path = Base.lproj/Main.storyboard; sourceTree = "<group>"; };
		39058F4D29AF816100F3D840 /* Assets.xcassets */ = {isa = PBXFileReference; lastKnownFileType = folder.assetcatalog; path = Assets.xcassets; sourceTree = "<group>"; };
		39058F5029AF816100F3D840 /* Base */ = {isa = PBXFileReference; lastKnownFileType = file.storyboard; name = Base; path = Base.lproj/LaunchScreen.storyboard; sourceTree = "<group>"; };
		39058F5229AF816100F3D840 /* Info.plist */ = {isa = PBXFileReference; lastKnownFileType = text.plist.xml; path = Info.plist; sourceTree = "<group>"; };
		391487B029BB45030069C6B5 /* CoinAsset.swift */ = {isa = PBXFileReference; lastKnownFileType = sourcecode.swift; path = CoinAsset.swift; sourceTree = "<group>"; };
		391487B629BB45F50069C6B5 /* CoinHistoryRecord.swift */ = {isa = PBXFileReference; lastKnownFileType = sourcecode.swift; path = CoinHistoryRecord.swift; sourceTree = "<group>"; };
		391487B929BB47A60069C6B5 /* Stonks.xcdatamodel */ = {isa = PBXFileReference; lastKnownFileType = wrapper.xcdatamodel; path = Stonks.xcdatamodel; sourceTree = "<group>"; };
		391487BE29BB4AA90069C6B5 /* ContentView.swift */ = {isa = PBXFileReference; lastKnownFileType = sourcecode.swift; path = ContentView.swift; sourceTree = "<group>"; };
		391487C029BB4AD80069C6B5 /* StonksApp.swift */ = {isa = PBXFileReference; lastKnownFileType = sourcecode.swift; path = StonksApp.swift; sourceTree = "<group>"; };
/* End PBXFileReference section */

/* Begin PBXFrameworksBuildPhase section */
		39058F3E29AF816100F3D840 /* Frameworks */ = {
			isa = PBXFrameworksBuildPhase;
			buildActionMask = 2147483647;
			files = (
			);
			runOnlyForDeploymentPostprocessing = 0;
		};
/* End PBXFrameworksBuildPhase section */

/* Begin PBXGroup section */
		39058F3829AF816100F3D840 = {
			isa = PBXGroup;
			children = (
				39058F4329AF816100F3D840 /* Tracker */,
				39058F4229AF816100F3D840 /* Products */,
			);
			sourceTree = "<group>";
		};
		39058F4229AF816100F3D840 /* Products */ = {
			isa = PBXGroup;
			children = (
				39058F4129AF816100F3D840 /* Tracker.app */,
			);
			name = Products;
			sourceTree = "<group>";
		};
		39058F4329AF816100F3D840 /* Tracker */ = {
			isa = PBXGroup;
			children = (
				391487BD29BB4A280069C6B5 /* Repository */,
				391487BC29BB4A240069C6B5 /* View */,
				391487AF29BB44DE0069C6B5 /* Model */,
				39058F4429AF816100F3D840 /* AppDelegate.swift */,
				391487C029BB4AD80069C6B5 /* StonksApp.swift */,
				391487B829BB47A60069C6B5 /* Stonks.xcdatamodeld */,
				39058F4629AF816100F3D840 /* SceneDelegate.swift */,
				39058F4829AF816100F3D840 /* ViewController.swift */,
				39058F4A29AF816100F3D840 /* Main.storyboard */,
				39058F4D29AF816100F3D840 /* Assets.xcassets */,
				39058F4F29AF816100F3D840 /* LaunchScreen.storyboard */,
				39058F5229AF816100F3D840 /* Info.plist */,
			);
			path = Tracker;
			sourceTree = "<group>";
		};
		391487AF29BB44DE0069C6B5 /* Model */ = {
			isa = PBXGroup;
			children = (
				391487B029BB45030069C6B5 /* CoinAsset.swift */,
				391487B629BB45F50069C6B5 /* CoinHistoryRecord.swift */,
			);
			path = Model;
			sourceTree = "<group>";
		};
		391487BC29BB4A240069C6B5 /* View */ = {
			isa = PBXGroup;
			children = (
				391487BE29BB4AA90069C6B5 /* ContentView.swift */,
			);
			path = View;
			sourceTree = "<group>";
		};
		391487BD29BB4A280069C6B5 /* Repository */ = {
			isa = PBXGroup;
			children = (
			);
			path = Repository;
			sourceTree = "<group>";
		};
/* End PBXGroup section */

/* Begin PBXNativeTarget section */
		39058F4029AF816100F3D840 /* Tracker */ = {
			isa = PBXNativeTarget;
			buildConfigurationList = 39058F5529AF816100F3D840 /* Build configuration list for PBXNativeTarget "Tracker" */;
			buildPhases = (
				39058F3D29AF816100F3D840 /* Sources */,
				39058F3E29AF816100F3D840 /* Frameworks */,
				39058F3F29AF816100F3D840 /* Resources */,
			);
			buildRules = (
			);
			dependencies = (
			);
			name = Tracker;
			productName = Tracker;
			productReference = 39058F4129AF816100F3D840 /* Tracker.app */;
			productType = "com.apple.product-type.application";
		};
/* End PBXNativeTarget section */

/* Begin PBXProject section */
		39058F3929AF816100F3D840 /* Project object */ = {
			isa = PBXProject;
			attributes = {
				BuildIndependentTargetsInParallel = 1;
				LastSwiftUpdateCheck = 1420;
				LastUpgradeCheck = 1420;
				TargetAttributes = {
					39058F4029AF816100F3D840 = {
						CreatedOnToolsVersion = 14.2;
					};
				};
			};
			buildConfigurationList = 39058F3C29AF816100F3D840 /* Build configuration list for PBXProject "Tracker" */;
			compatibilityVersion = "Xcode 14.0";
			developmentRegion = en;
			hasScannedForEncodings = 0;
			knownRegions = (
				en,
				Base,
			);
			mainGroup = 39058F3829AF816100F3D840;
			productRefGroup = 39058F4229AF816100F3D840 /* Products */;
			projectDirPath = "";
			projectRoot = "";
			targets = (
				39058F4029AF816100F3D840 /* Tracker */,
			);
		};
/* End PBXProject section */

/* Begin PBXResourcesBuildPhase section */
		39058F3F29AF816100F3D840 /* Resources */ = {
			isa = PBXResourcesBuildPhase;
			buildActionMask = 2147483647;
			files = (
				39058F5129AF816100F3D840 /* LaunchScreen.storyboard in Resources */,
				39058F4E29AF816100F3D840 /* Assets.xcassets in Resources */,
				39058F4C29AF816100F3D840 /* Main.storyboard in Resources */,
			);
			runOnlyForDeploymentPostprocessing = 0;
		};
/* End PBXResourcesBuildPhase section */

/* Begin PBXSourcesBuildPhase section */
		39058F3D29AF816100F3D840 /* Sources */ = {
			isa = PBXSourcesBuildPhase;
			buildActionMask = 2147483647;
			files = (
				39058F4929AF816100F3D840 /* ViewController.swift in Sources */,
				391487B729BB45F50069C6B5 /* CoinHistoryRecord.swift in Sources */,
				391487BF29BB4AA90069C6B5 /* ContentView.swift in Sources */,
				39058F4529AF816100F3D840 /* AppDelegate.swift in Sources */,
				39058F4729AF816100F3D840 /* SceneDelegate.swift in Sources */,
				391487C129BB4AD80069C6B5 /* StonksApp.swift in Sources */,
				391487BA29BB47A60069C6B5 /* Stonks.xcdatamodeld in Sources */,
				391487B129BB45030069C6B5 /* CoinAsset.swift in Sources */,
			);
			runOnlyForDeploymentPostprocessing = 0;
		};
/* End PBXSourcesBuildPhase section */

/* Begin PBXVariantGroup section */
		39058F4A29AF816100F3D840 /* Main.storyboard */ = {
			isa = PBXVariantGroup;
			children = (
				39058F4B29AF816100F3D840 /* Base */,
			);
			name = Main.storyboard;
			sourceTree = "<group>";
		};
		39058F4F29AF816100F3D840 /* LaunchScreen.storyboard */ = {
			isa = PBXVariantGroup;
			children = (
				39058F5029AF816100F3D840 /* Base */,
			);
			name = LaunchScreen.storyboard;
			sourceTree = "<group>";
		};
/* End PBXVariantGroup section */

/* Begin XCBuildConfiguration section */
		39058F5329AF816100F3D840 /* Debug */ = {
			isa = XCBuildConfiguration;
			buildSettings = {
				ALWAYS_SEARCH_USER_PATHS = NO;
				CLANG_ANALYZER_NONNULL = YES;
				CLANG_ANALYZER_NUMBER_OBJECT_CONVERSION = YES_AGGRESSIVE;
				CLANG_CXX_LANGUAGE_STANDARD = "gnu++20";
				CLANG_ENABLE_MODULES = YES;
				CLANG_ENABLE_OBJC_ARC = YES;
				CLANG_ENABLE_OBJC_WEAK = YES;
				CLANG_WARN_BLOCK_CAPTURE_AUTORELEASING = YES;
				CLANG_WARN_BOOL_CONVERSION = YES;
				CLANG_WARN_COMMA = YES;
				CLANG_WARN_CONSTANT_CONVERSION = YES;
				CLANG_WARN_DEPRECATED_OBJC_IMPLEMENTATIONS = YES;
				CLANG_WARN_DIRECT_OBJC_ISA_USAGE = YES_ERROR;
				CLANG_WARN_DOCUMENTATION_COMMENTS = YES;
				CLANG_WARN_EMPTY_BODY = YES;
				CLANG_WARN_ENUM_CONVERSION = YES;
				CLANG_WARN_INFINITE_RECURSION = YES;
				CLANG_WARN_INT_CONVERSION = YES;
				CLANG_WARN_NON_LITERAL_NULL_CONVERSION = YES;
				CLANG_WARN_OBJC_IMPLICIT_RETAIN_SELF = YES;
				CLANG_WARN_OBJC_LITERAL_CONVERSION = YES;
				CLANG_WARN_OBJC_ROOT_CLASS = YES_ERROR;
				CLANG_WARN_QUOTED_INCLUDE_IN_FRAMEWORK_HEADER = YES;
				CLANG_WARN_RANGE_LOOP_ANALYSIS = YES;
				CLANG_WARN_STRICT_PROTOTYPES = YES;
				CLANG_WARN_SUSPICIOUS_MOVE = YES;
				CLANG_WARN_UNGUARDED_AVAILABILITY = YES_AGGRESSIVE;
				CLANG_WARN_UNREACHABLE_CODE = YES;
				CLANG_WARN__DUPLICATE_METHOD_MATCH = YES;
				COPY_PHASE_STRIP = NO;
				DEBUG_INFORMATION_FORMAT = dwarf;
				ENABLE_STRICT_OBJC_MSGSEND = YES;
				ENABLE_TESTABILITY = YES;
				GCC_C_LANGUAGE_STANDARD = gnu11;
				GCC_DYNAMIC_NO_PIC = NO;
				GCC_NO_COMMON_BLOCKS = YES;
				GCC_OPTIMIZATION_LEVEL = 0;
				GCC_PREPROCESSOR_DEFINITIONS = (
					"DEBUG=1",
					"$(inherited)",
				);
				GCC_WARN_64_TO_32_BIT_CONVERSION = YES;
				GCC_WARN_ABOUT_RETURN_TYPE = YES_ERROR;
				GCC_WARN_UNDECLARED_SELECTOR = YES;
				GCC_WARN_UNINITIALIZED_AUTOS = YES_AGGRESSIVE;
				GCC_WARN_UNUSED_FUNCTION = YES;
				GCC_WARN_UNUSED_VARIABLE = YES;
				IPHONEOS_DEPLOYMENT_TARGET = 16.2;
				MTL_ENABLE_DEBUG_INFO = INCLUDE_SOURCE;
				MTL_FAST_MATH = YES;
				ONLY_ACTIVE_ARCH = YES;
				SDKROOT = iphoneos;
				SWIFT_ACTIVE_COMPILATION_CONDITIONS = DEBUG;
				SWIFT_OPTIMIZATION_LEVEL = "-Onone";
			};
			name = Debug;
		};
		39058F5429AF816100F3D840 /* Release */ = {
			isa = XCBuildConfiguration;
			buildSettings = {
				ALWAYS_SEARCH_USER_PATHS = NO;
				CLANG_ANALYZER_NONNULL = YES;
				CLANG_ANALYZER_NUMBER_OBJECT_CONVERSION = YES_AGGRESSIVE;
				CLANG_CXX_LANGUAGE_STANDARD = "gnu++20";
				CLANG_ENABLE_MODULES = YES;
				CLANG_ENABLE_OBJC_ARC = YES;
				CLANG_ENABLE_OBJC_WEAK = YES;
				CLANG_WARN_BLOCK_CAPTURE_AUTORELEASING = YES;
				CLANG_WARN_BOOL_CONVERSION = YES;
				CLANG_WARN_COMMA = YES;
				CLANG_WARN_CONSTANT_CONVERSION = YES;
				CLANG_WARN_DEPRECATED_OBJC_IMPLEMENTATIONS = YES;
				CLANG_WARN_DIRECT_OBJC_ISA_USAGE = YES_ERROR;
				CLANG_WARN_DOCUMENTATION_COMMENTS = YES;
				CLANG_WARN_EMPTY_BODY = YES;
				CLANG_WARN_ENUM_CONVERSION = YES;
				CLANG_WARN_INFINITE_RECURSION = YES;
				CLANG_WARN_INT_CONVERSION = YES;
				CLANG_WARN_NON_LITERAL_NULL_CONVERSION = YES;
				CLANG_WARN_OBJC_IMPLICIT_RETAIN_SELF = YES;
				CLANG_WARN_OBJC_LITERAL_CONVERSION = YES;
				CLANG_WARN_OBJC_ROOT_CLASS = YES_ERROR;
				CLANG_WARN_QUOTED_INCLUDE_IN_FRAMEWORK_HEADER = YES;
				CLANG_WARN_RANGE_LOOP_ANALYSIS = YES;
				CLANG_WARN_STRICT_PROTOTYPES = YES;
				CLANG_WARN_SUSPICIOUS_MOVE = YES;
				CLANG_WARN_UNGUARDED_AVAILABILITY = YES_AGGRESSIVE;
				CLANG_WARN_UNREACHABLE_CODE = YES;
				CLANG_WARN__DUPLICATE_METHOD_MATCH = YES;
				COPY_PHASE_STRIP = NO;
				DEBUG_INFORMATION_FORMAT = "dwarf-with-dsym";
				ENABLE_NS_ASSERTIONS = NO;
				ENABLE_STRICT_OBJC_MSGSEND = YES;
				GCC_C_LANGUAGE_STANDARD = gnu11;
				GCC_NO_COMMON_BLOCKS = YES;
				GCC_WARN_64_TO_32_BIT_CONVERSION = YES;
				GCC_WARN_ABOUT_RETURN_TYPE = YES_ERROR;
				GCC_WARN_UNDECLARED_SELECTOR = YES;
				GCC_WARN_UNINITIALIZED_AUTOS = YES_AGGRESSIVE;
				GCC_WARN_UNUSED_FUNCTION = YES;
				GCC_WARN_UNUSED_VARIABLE = YES;
				IPHONEOS_DEPLOYMENT_TARGET = 16.2;
				MTL_ENABLE_DEBUG_INFO = NO;
				MTL_FAST_MATH = YES;
				SDKROOT = iphoneos;
				SWIFT_COMPILATION_MODE = wholemodule;
				SWIFT_OPTIMIZATION_LEVEL = "-O";
				VALIDATE_PRODUCT = YES;
			};
			name = Release;
		};
		39058F5629AF816100F3D840 /* Debug */ = {
			isa = XCBuildConfiguration;
			buildSettings = {
				ASSETCATALOG_COMPILER_APPICON_NAME = AppIcon;
				ASSETCATALOG_COMPILER_GLOBAL_ACCENT_COLOR_NAME = AccentColor;
				CODE_SIGN_STYLE = Automatic;
				CURRENT_PROJECT_VERSION = 1;
				DEVELOPMENT_TEAM = GRPTYDVUW9;
				GENERATE_INFOPLIST_FILE = YES;
				INFOPLIST_FILE = Tracker/Info.plist;
				INFOPLIST_KEY_UIApplicationSupportsIndirectInputEvents = YES;
				INFOPLIST_KEY_UILaunchStoryboardName = LaunchScreen;
				INFOPLIST_KEY_UIMainStoryboardFile = Main;
				INFOPLIST_KEY_UISupportedInterfaceOrientations_iPad = "UIInterfaceOrientationPortrait UIInterfaceOrientationPortraitUpsideDown UIInterfaceOrientationLandscapeLeft UIInterfaceOrientationLandscapeRight";
				INFOPLIST_KEY_UISupportedInterfaceOrientations_iPhone = "UIInterfaceOrientationPortrait UIInterfaceOrientationLandscapeLeft UIInterfaceOrientationLandscapeRight";
				LD_RUNPATH_SEARCH_PATHS = (
					"$(inherited)",
					"@executable_path/Frameworks",
				);
				MARKETING_VERSION = 1.0;
				PRODUCT_BUNDLE_IDENTIFIER = cz.muni.pv239.Tracker;
				PRODUCT_NAME = "$(TARGET_NAME)";
				SWIFT_EMIT_LOC_STRINGS = YES;
				SWIFT_VERSION = 5.0;
				TARGETED_DEVICE_FAMILY = "1,2";
			};
			name = Debug;
		};
		39058F5729AF816100F3D840 /* Release */ = {
			isa = XCBuildConfiguration;
			buildSettings = {
				ASSETCATALOG_COMPILER_APPICON_NAME = AppIcon;
				ASSETCATALOG_COMPILER_GLOBAL_ACCENT_COLOR_NAME = AccentColor;
				CODE_SIGN_STYLE = Automatic;
				CURRENT_PROJECT_VERSION = 1;
				DEVELOPMENT_TEAM = GRPTYDVUW9;
				GENERATE_INFOPLIST_FILE = YES;
				INFOPLIST_FILE = Tracker/Info.plist;
				INFOPLIST_KEY_UIApplicationSupportsIndirectInputEvents = YES;
				INFOPLIST_KEY_UILaunchStoryboardName = LaunchScreen;
				INFOPLIST_KEY_UIMainStoryboardFile = Main;
				INFOPLIST_KEY_UISupportedInterfaceOrientations_iPad = "UIInterfaceOrientationPortrait UIInterfaceOrientationPortraitUpsideDown UIInterfaceOrientationLandscapeLeft UIInterfaceOrientationLandscapeRight";
				INFOPLIST_KEY_UISupportedInterfaceOrientations_iPhone = "UIInterfaceOrientationPortrait UIInterfaceOrientationLandscapeLeft UIInterfaceOrientationLandscapeRight";
				LD_RUNPATH_SEARCH_PATHS = (
					"$(inherited)",
					"@executable_path/Frameworks",
				);
				MARKETING_VERSION = 1.0;
				PRODUCT_BUNDLE_IDENTIFIER = cz.muni.pv239.Tracker;
				PRODUCT_NAME = "$(TARGET_NAME)";
				SWIFT_EMIT_LOC_STRINGS = YES;
				SWIFT_VERSION = 5.0;
				TARGETED_DEVICE_FAMILY = "1,2";
			};
			name = Release;
		};
/* End XCBuildConfiguration section */

/* Begin XCConfigurationList section */
		39058F3C29AF816100F3D840 /* Build configuration list for PBXProject "Tracker" */ = {
			isa = XCConfigurationList;
			buildConfigurations = (
				39058F5329AF816100F3D840 /* Debug */,
				39058F5429AF816100F3D840 /* Release */,
			);
			defaultConfigurationIsVisible = 0;
			defaultConfigurationName = Release;
		};
		39058F5529AF816100F3D840 /* Build configuration list for PBXNativeTarget "Tracker" */ = {
			isa = XCConfigurationList;
			buildConfigurations = (
				39058F5629AF816100F3D840 /* Debug */,
				39058F5729AF816100F3D840 /* Release */,
			);
			defaultConfigurationIsVisible = 0;
			defaultConfigurationName = Release;
		};
/* End XCConfigurationList section */

/* Begin XCVersionGroup section */
		391487B829BB47A60069C6B5 /* Stonks.xcdatamodeld */ = {
			isa = XCVersionGroup;
			children = (
				391487B929BB47A60069C6B5 /* Stonks.xcdatamodel */,
			);
			currentVersion = 391487B929BB47A60069C6B5 /* Stonks.xcdatamodel */;
			path = Stonks.xcdatamodeld;
			sourceTree = "<group>";
			versionGroupType = wrapper.xcdatamodel;
		};
/* End XCVersionGroup section */
	};
	rootObject = 39058F3929AF816100F3D840 /* Project object */;
}
